{
	"name": "hentai",
	"version": "0.2.0",
	"lockfileVersion": 2,
	"requires": true,
	"packages": {
		"": {
			"name": "hentai",
			"version": "0.2.0",
			"license": "AGPL-3.0",
			"dependencies": {
				"discord-interactions": "^3.2.0"
			}
		},
		"node_modules/discord-interactions": {
			"version": "3.2.0",
			"resolved": "https://registry.npmjs.org/discord-interactions/-/discord-interactions-3.2.0.tgz",
			"integrity": "sha512-/J25RpYlokRW+2HmU5C2xo9bcgCWIzCl+MRRLCL/XvD+Hqe2WyQc639vUUKUNi6hdSdWb2kGNZDkMZxDky2dZg==",
			"dependencies": {
				"tweetnacl": "^1.0.3"
			},
			"engines": {
				"node": ">=12"
			}
		},
		"node_modules/tweetnacl": {
			"version": "1.0.3",
			"resolved": "https://registry.npmjs.org/tweetnacl/-/tweetnacl-1.0.3.tgz",
			"integrity": "sha512-6rt+RN7aOi1nGMyC4Xa5DdYiukl2UWCbcJft7YhxReBGQD7OAM8Pbxw6YMo4r2diNEA8FEmu32YOn9rhaiE5yw=="
		}
	},
	"dependencies": {
		"discord-interactions": {
			"version": "3.2.0",
			"resolved": "https://registry.npmjs.org/discord-interactions/-/discord-interactions-3.2.0.tgz",
			"integrity": "sha512-/J25RpYlokRW+2HmU5C2xo9bcgCWIzCl+MRRLCL/XvD+Hqe2WyQc639vUUKUNi6hdSdWb2kGNZDkMZxDky2dZg==",
			"requires": {
				"tweetnacl": "^1.0.3"
			}
		},
		"tweetnacl": {
			"version": "1.0.3",
			"resolved": "https://registry.npmjs.org/tweetnacl/-/tweetnacl-1.0.3.tgz",
			"integrity": "sha512-6rt+RN7aOi1nGMyC4Xa5DdYiukl2UWCbcJft7YhxReBGQD7OAM8Pbxw6YMo4r2diNEA8FEmu32YOn9rhaiE5yw=="
		}
	}
}
